
Microsoft Visual Studio Solution File, Format Version 12.00
Project("{FAE04EC0-301F-11D3-BF4B-00C04F79EFBC}") = "VieroCodeTest.WebApi", "VieroCodeTest.WebApi\VieroCodeTest.WebApi.csproj", "{308138A8-5067-4CAA-91EF-DF780A291F7B}"
EndProject
Project("{FAE04EC0-301F-11D3-BF4B-00C04F79EFBC}") = "VieroCodeTest.Infra.Data", "VieroCodeTest.Infra.Data\VieroCodeTest.Infra.Data.csproj", "{DC98A321-547C-4876-9EE4-25EC51E5F8D2}"
EndProject
Project("{FAE04EC0-301F-11D3-BF4B-00C04F79EFBC}") = "VieroCodeTest.Domain.Application", "VieroCodeTest.Domain.Application\VieroCodeTest.Domain.Application.csproj", "{B4652A8D-CE81-434B-B163-122216421740}"
EndProject
Global
	GlobalSection(SolutionConfigurationPlatforms) = preSolution
		Debug|Any CPU = Debug|Any CPU
		Release|Any CPU = Release|Any CPU
	EndGlobalSection
	GlobalSection(ProjectConfigurationPlatforms) = postSolution
		{308138A8-5067-4CAA-91EF-DF780A291F7B}.Debug|Any CPU.ActiveCfg = Debug|Any CPU
		{308138A8-5067-4CAA-91EF-DF780A291F7B}.Debug|Any CPU.Build.0 = Debug|Any CPU
		{308138A8-5067-4CAA-91EF-DF780A291F7B}.Release|Any CPU.ActiveCfg = Release|Any CPU
		{308138A8-5067-4CAA-91EF-DF780A291F7B}.Release|Any CPU.Build.0 = Release|Any CPU
		{DC98A321-547C-4876-9EE4-25EC51E5F8D2}.Debug|Any CPU.ActiveCfg = Debug|Any CPU
		{DC98A321-547C-4876-9EE4-25EC51E5F8D2}.Debug|Any CPU.Build.0 = Debug|Any CPU
		{DC98A321-547C-4876-9EE4-25EC51E5F8D2}.Release|Any CPU.ActiveCfg = Release|Any CPU
		{DC98A321-547C-4876-9EE4-25EC51E5F8D2}.Release|Any CPU.Build.0 = Release|Any CPU
		{B4652A8D-CE81-434B-B163-122216421740}.Debug|Any CPU.ActiveCfg = Debug|Any CPU
		{B4652A8D-CE81-434B-B163-122216421740}.Debug|Any CPU.Build.0 = Debug|Any CPU
		{B4652A8D-CE81-434B-B163-122216421740}.Release|Any CPU.ActiveCfg = Release|Any CPU
		{B4652A8D-CE81-434B-B163-122216421740}.Release|Any CPU.Build.0 = Release|Any CPU
	EndGlobalSection
EndGlobal
